
Microsoft Visual Studio Solution File, Format Version 12.00
# Visual Studio Version 16
VisualStudioVersion = 16.0.29912.179
MinimumVisualStudioVersion = 10.0.40219.1
Project("{9A19103F-16F7-4668-BE54-9A1E7A4F7556}") = "Test-MdiBehaviours", "Test-MdiBehaviours.csproj", "{848B9021-0FE4-4166-BC53-E1141E393737}"
EndProject
Global
	GlobalSection(SolutionConfigurationPlatforms) = preSolution
		Debug|Any CPU = Debug|Any CPU
		Release|Any CPU = Release|Any CPU
	EndGlobalSection
	GlobalSection(ProjectConfigurationPlatforms) = postSolution
		{848B9021-0FE4-4166-BC53-E1141E393737}.Debug|Any CPU.ActiveCfg = Debug|Any CPU
		{848B9021-0FE4-4166-BC53-E1141E393737}.Debug|Any CPU.Build.0 = Debug|Any CPU
		{848B9021-0FE4-4166-BC53-E1141E393737}.Release|Any CPU.ActiveCfg = Release|Any CPU
		{848B9021-0FE4-4166-BC53-E1141E393737}.Release|Any CPU.Build.0 = Release|Any CPU
	EndGlobalSection
	GlobalSection(SolutionProperties) = preSolution
		HideSolutionNode = FALSE
	EndGlobalSection
	GlobalSection(ExtensibilityGlobals) = postSolution
		SolutionGuid = {6AF8C04D-AB7D-4354-AD7C-58ADEEA7C316}
	EndGlobalSection
EndGlobal
